// !$*UTF8*$!
{
	archiveVersion = 1;
	classes = {
	};
	objectVersion = 50;
	objects = {

/* Begin PBXBuildFile section */
		2054DACA27956C4A00B72F19 /* PokemonUIApp.swift in Sources */ = {isa = PBXBuildFile; fileRef = 2054DAC927956C4A00B72F19 /* PokemonUIApp.swift */; };
		2054DACE27956C4C00B72F19 /* Assets.xcassets in Resources */ = {isa = PBXBuildFile; fileRef = 2054DACD27956C4C00B72F19 /* Assets.xcassets */; };
		2054DAD127956C4C00B72F19 /* Preview Assets.xcassets in Resources */ = {isa = PBXBuildFile; fileRef = 2054DAD027956C4C00B72F19 /* Preview Assets.xcassets */; };
		2054DADE27956F2100B72F19 /* Base.swift in Sources */ = {isa = PBXBuildFile; fileRef = 2054DADD27956F2100B72F19 /* Base.swift */; };
		2054DAE02795736300B72F19 /* ImageManager.swift in Sources */ = {isa = PBXBuildFile; fileRef = 2054DADF2795736300B72F19 /* ImageManager.swift */; };
		2054DAE22795777700B72F19 /* ColorExtensions.swift in Sources */ = {isa = PBXBuildFile; fileRef = 2054DAE12795777700B72F19 /* ColorExtensions.swift */; };
		2054DAE52795915800B72F19 /* PokemonListView.swift in Sources */ = {isa = PBXBuildFile; fileRef = 2054DAE42795915800B72F19 /* PokemonListView.swift */; };
		2054DAE72795917400B72F19 /* PokemonListPresenter.swift in Sources */ = {isa = PBXBuildFile; fileRef = 2054DAE62795917400B72F19 /* PokemonListPresenter.swift */; };
		2054DAE92795918B00B72F19 /* PokemonListInteractor.swift in Sources */ = {isa = PBXBuildFile; fileRef = 2054DAE82795918B00B72F19 /* PokemonListInteractor.swift */; };
		2054DAED279591D200B72F19 /* PokemonListCoordinator.swift in Sources */ = {isa = PBXBuildFile; fileRef = 2054DAEC279591D200B72F19 /* PokemonListCoordinator.swift */; };
		2054DAF2279593A200B72F19 /* PokemonDetailCoordinator.swift in Sources */ = {isa = PBXBuildFile; fileRef = 2054DAF1279593A200B72F19 /* PokemonDetailCoordinator.swift */; };
		2054DAF4279593BE00B72F19 /* PokemonDetailView.swift in Sources */ = {isa = PBXBuildFile; fileRef = 2054DAF3279593BE00B72F19 /* PokemonDetailView.swift */; };
		2054DAF6279593D200B72F19 /* PokemonDetailPresenter.swift in Sources */ = {isa = PBXBuildFile; fileRef = 2054DAF5279593D200B72F19 /* PokemonDetailPresenter.swift */; };
		2054DAF8279593E900B72F19 /* PokemonDetailInteractor.swift in Sources */ = {isa = PBXBuildFile; fileRef = 2054DAF7279593E900B72F19 /* PokemonDetailInteractor.swift */; };
/* End PBXBuildFile section */

/* Begin PBXFileReference section */
		2054DAC627956C4A00B72F19 /* PokemonUI.app */ = {isa = PBXFileReference; explicitFileType = wrapper.application; includeInIndex = 0; path = PokemonUI.app; sourceTree = BUILT_PRODUCTS_DIR; };
		2054DAC927956C4A00B72F19 /* PokemonUIApp.swift */ = {isa = PBXFileReference; lastKnownFileType = sourcecode.swift; path = PokemonUIApp.swift; sourceTree = "<group>"; };
		2054DACD27956C4C00B72F19 /* Assets.xcassets */ = {isa = PBXFileReference; lastKnownFileType = folder.assetcatalog; path = Assets.xcassets; sourceTree = "<group>"; };
		2054DAD027956C4C00B72F19 /* Preview Assets.xcassets */ = {isa = PBXFileReference; lastKnownFileType = folder.assetcatalog; path = "Preview Assets.xcassets"; sourceTree = "<group>"; };
		2054DAD227956C4C00B72F19 /* Info.plist */ = {isa = PBXFileReference; lastKnownFileType = text.plist.xml; path = Info.plist; sourceTree = "<group>"; };
		2054DADD27956F2100B72F19 /* Base.swift */ = {isa = PBXFileReference; lastKnownFileType = sourcecode.swift; path = Base.swift; sourceTree = "<group>"; };
		2054DADF2795736300B72F19 /* ImageManager.swift */ = {isa = PBXFileReference; lastKnownFileType = sourcecode.swift; path = ImageManager.swift; sourceTree = "<group>"; };
		2054DAE12795777700B72F19 /* ColorExtensions.swift */ = {isa = PBXFileReference; lastKnownFileType = sourcecode.swift; path = ColorExtensions.swift; sourceTree = "<group>"; };
		2054DAE42795915800B72F19 /* PokemonListView.swift */ = {isa = PBXFileReference; lastKnownFileType = sourcecode.swift; path = PokemonListView.swift; sourceTree = "<group>"; };
		2054DAE62795917400B72F19 /* PokemonListPresenter.swift */ = {isa = PBXFileReference; lastKnownFileType = sourcecode.swift; path = PokemonListPresenter.swift; sourceTree = "<group>"; };
		2054DAE82795918B00B72F19 /* PokemonListInteractor.swift */ = {isa = PBXFileReference; lastKnownFileType = sourcecode.swift; path = PokemonListInteractor.swift; sourceTree = "<group>"; };
		2054DAEC279591D200B72F19 /* PokemonListCoordinator.swift */ = {isa = PBXFileReference; lastKnownFileType = sourcecode.swift; path = PokemonListCoordinator.swift; sourceTree = "<group>"; };
		2054DAF1279593A200B72F19 /* PokemonDetailCoordinator.swift */ = {isa = PBXFileReference; lastKnownFileType = sourcecode.swift; path = PokemonDetailCoordinator.swift; sourceTree = "<group>"; };
		2054DAF3279593BE00B72F19 /* PokemonDetailView.swift */ = {isa = PBXFileReference; lastKnownFileType = sourcecode.swift; path = PokemonDetailView.swift; sourceTree = "<group>"; };
		2054DAF5279593D200B72F19 /* PokemonDetailPresenter.swift */ = {isa = PBXFileReference; lastKnownFileType = sourcecode.swift; path = PokemonDetailPresenter.swift; sourceTree = "<group>"; };
		2054DAF7279593E900B72F19 /* PokemonDetailInteractor.swift */ = {isa = PBXFileReference; lastKnownFileType = sourcecode.swift; path = PokemonDetailInteractor.swift; sourceTree = "<group>"; };
/* End PBXFileReference section */

/* Begin PBXFrameworksBuildPhase section */
		2054DAC327956C4A00B72F19 /* Frameworks */ = {
			isa = PBXFrameworksBuildPhase;
			buildActionMask = 2147483647;
			files = (
			);
			runOnlyForDeploymentPostprocessing = 0;
		};
/* End PBXFrameworksBuildPhase section */

/* Begin PBXGroup section */
		2054DABD27956C4A00B72F19 = {
			isa = PBXGroup;
			children = (
				2054DAC827956C4A00B72F19 /* PokemonUI */,
				2054DAC727956C4A00B72F19 /* Products */,
			);
			sourceTree = "<group>";
		};
		2054DAC727956C4A00B72F19 /* Products */ = {
			isa = PBXGroup;
			children = (
				2054DAC627956C4A00B72F19 /* PokemonUI.app */,
			);
			name = Products;
			sourceTree = "<group>";
		};
		2054DAC827956C4A00B72F19 /* PokemonUI */ = {
			isa = PBXGroup;
			children = (
				2054DAD827956E5B00B72F19 /* Base */,
				2054DADA27956E7400B72F19 /* Managers */,
				2054DAD927956E6700B72F19 /* Extensions */,
				2054DADB27956E8100B72F19 /* Models */,
				2054DADC27956E9200B72F19 /* Modules */,
				2054DAC927956C4A00B72F19 /* PokemonUIApp.swift */,
				2054DACD27956C4C00B72F19 /* Assets.xcassets */,
				2054DAD227956C4C00B72F19 /* Info.plist */,
				2054DACF27956C4C00B72F19 /* Preview Content */,
			);
			path = PokemonUI;
			sourceTree = "<group>";
		};
		2054DACF27956C4C00B72F19 /* Preview Content */ = {
			isa = PBXGroup;
			children = (
				2054DAD027956C4C00B72F19 /* Preview Assets.xcassets */,
			);
			path = "Preview Content";
			sourceTree = "<group>";
		};
		2054DAD827956E5B00B72F19 /* Base */ = {
			isa = PBXGroup;
			children = (
				2054DADD27956F2100B72F19 /* Base.swift */,
			);
			path = Base;
			sourceTree = "<group>";
		};
		2054DAD927956E6700B72F19 /* Extensions */ = {
			isa = PBXGroup;
			children = (
				2054DAE12795777700B72F19 /* ColorExtensions.swift */,
			);
			path = Extensions;
			sourceTree = "<group>";
		};
		2054DADA27956E7400B72F19 /* Managers */ = {
			isa = PBXGroup;
			children = (
				2054DADF2795736300B72F19 /* ImageManager.swift */,
			);
			path = Managers;
			sourceTree = "<group>";
		};
		2054DADB27956E8100B72F19 /* Models */ = {
			isa = PBXGroup;
			children = (
			);
			path = Models;
			sourceTree = "<group>";
		};
		2054DADC27956E9200B72F19 /* Modules */ = {
			isa = PBXGroup;
			children = (
				2054DAEE279591E000B72F19 /* PokemonDetail */,
				2054DAE32795911300B72F19 /* PokemonList */,
			);
			path = Modules;
			sourceTree = "<group>";
		};
		2054DAE32795911300B72F19 /* PokemonList */ = {
			isa = PBXGroup;
			children = (
				2054DAEA2795919800B72F19 /* Infraestructure */,
				2054DAE42795915800B72F19 /* PokemonListView.swift */,
				2054DAE62795917400B72F19 /* PokemonListPresenter.swift */,
				2054DAE82795918B00B72F19 /* PokemonListInteractor.swift */,
			);
			path = PokemonList;
			sourceTree = "<group>";
		};
		2054DAEA2795919800B72F19 /* Infraestructure */ = {
			isa = PBXGroup;
			children = (
				2054DAEB279591AF00B72F19 /* Models */,
				2054DAEC279591D200B72F19 /* PokemonListCoordinator.swift */,
			);
			path = Infraestructure;
			sourceTree = "<group>";
		};
		2054DAEB279591AF00B72F19 /* Models */ = {
			isa = PBXGroup;
			children = (
			);
			path = Models;
			sourceTree = "<group>";
		};
		2054DAEE279591E000B72F19 /* PokemonDetail */ = {
			isa = PBXGroup;
			children = (
				2054DAEF2795937600B72F19 /* Infraestructure */,
				2054DAF3279593BE00B72F19 /* PokemonDetailView.swift */,
				2054DAF5279593D200B72F19 /* PokemonDetailPresenter.swift */,
				2054DAF7279593E900B72F19 /* PokemonDetailInteractor.swift */,
			);
			path = PokemonDetail;
			sourceTree = "<group>";
		};
		2054DAEF2795937600B72F19 /* Infraestructure */ = {
			isa = PBXGroup;
			children = (
				2054DAF02795938400B72F19 /* Models */,
				2054DAF1279593A200B72F19 /* PokemonDetailCoordinator.swift */,
			);
			path = Infraestructure;
			sourceTree = "<group>";
		};
		2054DAF02795938400B72F19 /* Models */ = {
			isa = PBXGroup;
			children = (
			);
			path = Models;
			sourceTree = "<group>";
		};
/* End PBXGroup section */

/* Begin PBXNativeTarget section */
		2054DAC527956C4A00B72F19 /* PokemonUI */ = {
			isa = PBXNativeTarget;
			buildConfigurationList = 2054DAD527956C4C00B72F19 /* Build configuration list for PBXNativeTarget "PokemonUI" */;
			buildPhases = (
				2054DAC227956C4A00B72F19 /* Sources */,
				2054DAC327956C4A00B72F19 /* Frameworks */,
				2054DAC427956C4A00B72F19 /* Resources */,
			);
			buildRules = (
			);
			dependencies = (
			);
			name = PokemonUI;
			productName = PokemonUI;
			productReference = 2054DAC627956C4A00B72F19 /* PokemonUI.app */;
			productType = "com.apple.product-type.application";
		};
/* End PBXNativeTarget section */

/* Begin PBXProject section */
		2054DABE27956C4A00B72F19 /* Project object */ = {
			isa = PBXProject;
			attributes = {
				LastSwiftUpdateCheck = 1250;
				LastUpgradeCheck = 1250;
				TargetAttributes = {
					2054DAC527956C4A00B72F19 = {
						CreatedOnToolsVersion = 12.5.1;
					};
				};
			};
			buildConfigurationList = 2054DAC127956C4A00B72F19 /* Build configuration list for PBXProject "PokemonUI" */;
			compatibilityVersion = "Xcode 9.3";
			developmentRegion = en;
			hasScannedForEncodings = 0;
			knownRegions = (
				en,
				Base,
			);
			mainGroup = 2054DABD27956C4A00B72F19;
			productRefGroup = 2054DAC727956C4A00B72F19 /* Products */;
			projectDirPath = "";
			projectRoot = "";
			targets = (
				2054DAC527956C4A00B72F19 /* PokemonUI */,
			);
		};
/* End PBXProject section */

/* Begin PBXResourcesBuildPhase section */
		2054DAC427956C4A00B72F19 /* Resources */ = {
			isa = PBXResourcesBuildPhase;
			buildActionMask = 2147483647;
			files = (
				2054DAD127956C4C00B72F19 /* Preview Assets.xcassets in Resources */,
				2054DACE27956C4C00B72F19 /* Assets.xcassets in Resources */,
			);
			runOnlyForDeploymentPostprocessing = 0;
		};
/* End PBXResourcesBuildPhase section */

/* Begin PBXSourcesBuildPhase section */
		2054DAC227956C4A00B72F19 /* Sources */ = {
			isa = PBXSourcesBuildPhase;
			buildActionMask = 2147483647;
			files = (
				2054DAED279591D200B72F19 /* PokemonListCoordinator.swift in Sources */,
				2054DAF4279593BE00B72F19 /* PokemonDetailView.swift in Sources */,
				2054DAF6279593D200B72F19 /* PokemonDetailPresenter.swift in Sources */,
				2054DAF2279593A200B72F19 /* PokemonDetailCoordinator.swift in Sources */,
				2054DAE72795917400B72F19 /* PokemonListPresenter.swift in Sources */,
				2054DAE52795915800B72F19 /* PokemonListView.swift in Sources */,
				2054DAE02795736300B72F19 /* ImageManager.swift in Sources */,
				2054DADE27956F2100B72F19 /* Base.swift in Sources */,
				2054DACA27956C4A00B72F19 /* PokemonUIApp.swift in Sources */,
				2054DAE22795777700B72F19 /* ColorExtensions.swift in Sources */,
				2054DAE92795918B00B72F19 /* PokemonListInteractor.swift in Sources */,
				2054DAF8279593E900B72F19 /* PokemonDetailInteractor.swift in Sources */,
			);
			runOnlyForDeploymentPostprocessing = 0;
		};
/* End PBXSourcesBuildPhase section */

/* Begin XCBuildConfiguration section */
		2054DAD327956C4C00B72F19 /* Debug */ = {
			isa = XCBuildConfiguration;
			buildSettings = {
				ALWAYS_SEARCH_USER_PATHS = NO;
				CLANG_ANALYZER_NONNULL = YES;
				CLANG_ANALYZER_NUMBER_OBJECT_CONVERSION = YES_AGGRESSIVE;
				CLANG_CXX_LANGUAGE_STANDARD = "gnu++14";
				CLANG_CXX_LIBRARY = "libc++";
				CLANG_ENABLE_MODULES = YES;
				CLANG_ENABLE_OBJC_ARC = YES;
				CLANG_ENABLE_OBJC_WEAK = YES;
				CLANG_WARN_BLOCK_CAPTURE_AUTORELEASING = YES;
				CLANG_WARN_BOOL_CONVERSION = YES;
				CLANG_WARN_COMMA = YES;
				CLANG_WARN_CONSTANT_CONVERSION = YES;
				CLANG_WARN_DEPRECATED_OBJC_IMPLEMENTATIONS = YES;
				CLANG_WARN_DIRECT_OBJC_ISA_USAGE = YES_ERROR;
				CLANG_WARN_DOCUMENTATION_COMMENTS = YES;
				CLANG_WARN_EMPTY_BODY = YES;
				CLANG_WARN_ENUM_CONVERSION = YES;
				CLANG_WARN_INFINITE_RECURSION = YES;
				CLANG_WARN_INT_CONVERSION = YES;
				CLANG_WARN_NON_LITERAL_NULL_CONVERSION = YES;
				CLANG_WARN_OBJC_IMPLICIT_RETAIN_SELF = YES;
				CLANG_WARN_OBJC_LITERAL_CONVERSION = YES;
				CLANG_WARN_OBJC_ROOT_CLASS = YES_ERROR;
				CLANG_WARN_QUOTED_INCLUDE_IN_FRAMEWORK_HEADER = YES;
				CLANG_WARN_RANGE_LOOP_ANALYSIS = YES;
				CLANG_WARN_STRICT_PROTOTYPES = YES;
				CLANG_WARN_SUSPICIOUS_MOVE = YES;
				CLANG_WARN_UNGUARDED_AVAILABILITY = YES_AGGRESSIVE;
				CLANG_WARN_UNREACHABLE_CODE = YES;
				CLANG_WARN__DUPLICATE_METHOD_MATCH = YES;
				COPY_PHASE_STRIP = NO;
				DEBUG_INFORMATION_FORMAT = dwarf;
				ENABLE_STRICT_OBJC_MSGSEND = YES;
				ENABLE_TESTABILITY = YES;
				GCC_C_LANGUAGE_STANDARD = gnu11;
				GCC_DYNAMIC_NO_PIC = NO;
				GCC_NO_COMMON_BLOCKS = YES;
				GCC_OPTIMIZATION_LEVEL = 0;
				GCC_PREPROCESSOR_DEFINITIONS = (
					"DEBUG=1",
					"$(inherited)",
				);
				GCC_WARN_64_TO_32_BIT_CONVERSION = YES;
				GCC_WARN_ABOUT_RETURN_TYPE = YES_ERROR;
				GCC_WARN_UNDECLARED_SELECTOR = YES;
				GCC_WARN_UNINITIALIZED_AUTOS = YES_AGGRESSIVE;
				GCC_WARN_UNUSED_FUNCTION = YES;
				GCC_WARN_UNUSED_VARIABLE = YES;
				IPHONEOS_DEPLOYMENT_TARGET = 14.5;
				MTL_ENABLE_DEBUG_INFO = INCLUDE_SOURCE;
				MTL_FAST_MATH = YES;
				ONLY_ACTIVE_ARCH = YES;
				SDKROOT = iphoneos;
				SWIFT_ACTIVE_COMPILATION_CONDITIONS = DEBUG;
				SWIFT_OPTIMIZATION_LEVEL = "-Onone";
			};
			name = Debug;
		};
		2054DAD427956C4C00B72F19 /* Release */ = {
			isa = XCBuildConfiguration;
			buildSettings = {
				ALWAYS_SEARCH_USER_PATHS = NO;
				CLANG_ANALYZER_NONNULL = YES;
				CLANG_ANALYZER_NUMBER_OBJECT_CONVERSION = YES_AGGRESSIVE;
				CLANG_CXX_LANGUAGE_STANDARD = "gnu++14";
				CLANG_CXX_LIBRARY = "libc++";
				CLANG_ENABLE_MODULES = YES;
				CLANG_ENABLE_OBJC_ARC = YES;
				CLANG_ENABLE_OBJC_WEAK = YES;
				CLANG_WARN_BLOCK_CAPTURE_AUTORELEASING = YES;
				CLANG_WARN_BOOL_CONVERSION = YES;
				CLANG_WARN_COMMA = YES;
				CLANG_WARN_CONSTANT_CONVERSION = YES;
				CLANG_WARN_DEPRECATED_OBJC_IMPLEMENTATIONS = YES;
				CLANG_WARN_DIRECT_OBJC_ISA_USAGE = YES_ERROR;
				CLANG_WARN_DOCUMENTATION_COMMENTS = YES;
				CLANG_WARN_EMPTY_BODY = YES;
				CLANG_WARN_ENUM_CONVERSION = YES;
				CLANG_WARN_INFINITE_RECURSION = YES;
				CLANG_WARN_INT_CONVERSION = YES;
				CLANG_WARN_NON_LITERAL_NULL_CONVERSION = YES;
				CLANG_WARN_OBJC_IMPLICIT_RETAIN_SELF = YES;
				CLANG_WARN_OBJC_LITERAL_CONVERSION = YES;
				CLANG_WARN_OBJC_ROOT_CLASS = YES_ERROR;
				CLANG_WARN_QUOTED_INCLUDE_IN_FRAMEWORK_HEADER = YES;
				CLANG_WARN_RANGE_LOOP_ANALYSIS = YES;
				CLANG_WARN_STRICT_PROTOTYPES = YES;
				CLANG_WARN_SUSPICIOUS_MOVE = YES;
				CLANG_WARN_UNGUARDED_AVAILABILITY = YES_AGGRESSIVE;
				CLANG_WARN_UNREACHABLE_CODE = YES;
				CLANG_WARN__DUPLICATE_METHOD_MATCH = YES;
				COPY_PHASE_STRIP = NO;
				DEBUG_INFORMATION_FORMAT = "dwarf-with-dsym";
				ENABLE_NS_ASSERTIONS = NO;
				ENABLE_STRICT_OBJC_MSGSEND = YES;
				GCC_C_LANGUAGE_STANDARD = gnu11;
				GCC_NO_COMMON_BLOCKS = YES;
				GCC_WARN_64_TO_32_BIT_CONVERSION = YES;
				GCC_WARN_ABOUT_RETURN_TYPE = YES_ERROR;
				GCC_WARN_UNDECLARED_SELECTOR = YES;
				GCC_WARN_UNINITIALIZED_AUTOS = YES_AGGRESSIVE;
				GCC_WARN_UNUSED_FUNCTION = YES;
				GCC_WARN_UNUSED_VARIABLE = YES;
				IPHONEOS_DEPLOYMENT_TARGET = 14.5;
				MTL_ENABLE_DEBUG_INFO = NO;
				MTL_FAST_MATH = YES;
				SDKROOT = iphoneos;
				SWIFT_COMPILATION_MODE = wholemodule;
				SWIFT_OPTIMIZATION_LEVEL = "-O";
				VALIDATE_PRODUCT = YES;
			};
			name = Release;
		};
		2054DAD627956C4C00B72F19 /* Debug */ = {
			isa = XCBuildConfiguration;
			buildSettings = {
				ASSETCATALOG_COMPILER_APPICON_NAME = AppIcon;
				ASSETCATALOG_COMPILER_GLOBAL_ACCENT_COLOR_NAME = AccentColor;
				CODE_SIGN_STYLE = Automatic;
				DEVELOPMENT_ASSET_PATHS = "\"PokemonUI/Preview Content\"";
				ENABLE_PREVIEWS = YES;
				INFOPLIST_FILE = PokemonUI/Info.plist;
				IPHONEOS_DEPLOYMENT_TARGET = 14.0;
				LD_RUNPATH_SEARCH_PATHS = (
					"$(inherited)",
					"@executable_path/Frameworks",
				);
				PRODUCT_BUNDLE_IDENTIFIER = Barazite.PokemonUI;
				PRODUCT_NAME = "$(TARGET_NAME)";
				SWIFT_VERSION = 5.0;
				TARGETED_DEVICE_FAMILY = "1,2";
			};
			name = Debug;
		};
		2054DAD727956C4C00B72F19 /* Release */ = {
			isa = XCBuildConfiguration;
			buildSettings = {
				ASSETCATALOG_COMPILER_APPICON_NAME = AppIcon;
				ASSETCATALOG_COMPILER_GLOBAL_ACCENT_COLOR_NAME = AccentColor;
				CODE_SIGN_STYLE = Automatic;
				DEVELOPMENT_ASSET_PATHS = "\"PokemonUI/Preview Content\"";
				ENABLE_PREVIEWS = YES;
				INFOPLIST_FILE = PokemonUI/Info.plist;
				IPHONEOS_DEPLOYMENT_TARGET = 14.0;
				LD_RUNPATH_SEARCH_PATHS = (
					"$(inherited)",
					"@executable_path/Frameworks",
				);
				PRODUCT_BUNDLE_IDENTIFIER = Barazite.PokemonUI;
				PRODUCT_NAME = "$(TARGET_NAME)";
				SWIFT_VERSION = 5.0;
				TARGETED_DEVICE_FAMILY = "1,2";
			};
			name = Release;
		};
/* End XCBuildConfiguration section */

/* Begin XCConfigurationList section */
		2054DAC127956C4A00B72F19 /* Build configuration list for PBXProject "PokemonUI" */ = {
			isa = XCConfigurationList;
			buildConfigurations = (
				2054DAD327956C4C00B72F19 /* Debug */,
				2054DAD427956C4C00B72F19 /* Release */,
			);
			defaultConfigurationIsVisible = 0;
			defaultConfigurationName = Release;
		};
		2054DAD527956C4C00B72F19 /* Build configuration list for PBXNativeTarget "PokemonUI" */ = {
			isa = XCConfigurationList;
			buildConfigurations = (
				2054DAD627956C4C00B72F19 /* Debug */,
				2054DAD727956C4C00B72F19 /* Release */,
			);
			defaultConfigurationIsVisible = 0;
			defaultConfigurationName = Release;
		};
/* End XCConfigurationList section */
	};
	rootObject = 2054DABE27956C4A00B72F19 /* Project object */;
}
